
Microsoft Visual Studio Solution File, Format Version 12.00
# Visual Studio Version 17
VisualStudioVersion = 17.8.34511.84
MinimumVisualStudioVersion = 10.0.40219.1
Project("{FAE04EC0-301F-11D3-BF4B-00C04F79EFBC}") = "WebBanHang", "WebBanHang\WebBanHang.csproj", "{106393EF-857A-4637-AAE0-63E42FF09875}"
EndProject
Global
	GlobalSection(SolutionConfigurationPlatforms) = preSolution
		Debug|Any CPU = Debug|Any CPU
		Release|Any CPU = Release|Any CPU
	EndGlobalSection
	GlobalSection(ProjectConfigurationPlatforms) = postSolution
		{106393EF-857A-4637-AAE0-63E42FF09875}.Debug|Any CPU.ActiveCfg = Debug|Any CPU
		{106393EF-857A-4637-AAE0-63E42FF09875}.Debug|Any CPU.Build.0 = Debug|Any CPU
		{106393EF-857A-4637-AAE0-63E42FF09875}.Release|Any CPU.ActiveCfg = Release|Any CPU
		{106393EF-857A-4637-AAE0-63E42FF09875}.Release|Any CPU.Build.0 = Release|Any CPU
	EndGlobalSection
	GlobalSection(SolutionProperties) = preSolution
		HideSolutionNode = FALSE
	EndGlobalSection
	GlobalSection(ExtensibilityGlobals) = postSolution
		SolutionGuid = {114F8A76-DA22-41C3-801A-25276BF574A3}
	EndGlobalSection
EndGlobal
